lockfileVersion: 5.4

specifiers:
  fs-extender: ^1.0.3
  fs-extra: ^11.1.0
  gray-matter: ^4.0.3
  lodash: ^4.17.21
  lodash-humps: ^3.1.6
  path-parse: ^1.0.7
  prairie: ^4.0.0
  understory: ^2.0.2

dependencies:
  fs-extender: 1.0.3
  fs-extra: 11.1.0
  gray-matter: 4.0.3
  lodash: 4.17.21
  lodash-humps: 3.1.6
  path-parse: 1.0.7
  prairie: 4.0.0
  understory: 2.0.2

packages:

  /@n3okill/utils/1.1.1:
    resolution: {integrity: sha512-gUf0Vs9+dZP7jO+yDge1qLLp4XACqJAbeNPp6dciLqfOLDJv0zOambEe9jawYRSIdzz1Vv4+xU0lZBDh5ly0zw==}
    dev: false

  /argparse/1.0.10:
    resolution: {integrity: sha512-o5Roy6tNG4SL/FOkCAN6RzjiakZS25RLYFrcMttJqbdd8BWrnA+fGz57iN5Pb06pvBGvl5gQ0B48dJlslXvoTg==}
    dependencies:
      sprintf-js: 1.0.3
    dev: false

  /esprima/4.0.1:
    resolution: {integrity: sha512-eGuFFw7Upda+g4p+QHvnW0RyTX/SVeJBDM/gCtMARO0cLuT2HcEKnTPvhjV6aGeqrCB/sbNop0Kszm0jsaWU4A==}
    engines: {node: '>=4'}
    hasBin: true
    dev: false

  /extend-shallow/2.0.1:
    resolution: {integrity: sha512-zCnTtlxNoAiDc3gqY2aYAWFx7XWWiasuF2K8Me5WbN8otHKTUKBwjPtNpRs/rbUZm7KxWAaNj7P1a/p52GbVug==}
    engines: {node: '>=0.10.0'}
    dependencies:
      is-extendable: 0.1.1
    dev: false

  /fs-extender/1.0.3:
    resolution: {integrity: sha512-OUwSkBPHUXWIBGr7OXP9qtWpcmWrjIWjo8XF353hSW1eVnzDdaSzvKgFIWicYGdIaL8wr79A+ruK9g934eclbA==}
    engines: {node: '>= 10.0.0'}
    dependencies:
      '@n3okill/utils': 1.1.1
      path-extender: 1.0.1
    dev: false

  /fs-extra/11.1.0:
    resolution: {integrity: sha512-0rcTq621PD5jM/e0a3EJoGC/1TC5ZBCERW82LQuwfGnCa1V8w7dpYH1yNu+SLb6E5dkeCBzKEyLGlFrnr+dUyw==}
    engines: {node: '>=14.14'}
    dependencies:
      graceful-fs: 4.2.10
      jsonfile: 6.1.0
      universalify: 2.0.0
    dev: false

  /graceful-fs/4.2.10:
    resolution: {integrity: sha512-9ByhssR2fPVsNZj478qUUbKfmL0+t5BDVyjShtyZZLiK7ZDAArFFfopyOTj0M05wE2tJPisA4iTnnXl2YoPvOA==}
    dev: false

  /gray-matter/4.0.3:
    resolution: {integrity: sha512-5v6yZd4JK3eMI3FqqCouswVqwugaA9r4dNZB1wwcmrD02QkV5H0y7XBQW8QwQqEaZY1pM9aqORSORhJRdNK44Q==}
    engines: {node: '>=6.0'}
    dependencies:
      js-yaml: 3.14.1
      kind-of: 6.0.3
      section-matter: 1.0.0
      strip-bom-string: 1.0.0
    dev: false

  /is-extendable/0.1.1:
    resolution: {integrity: sha512-5BMULNob1vgFX6EjQw5izWDxrecWK9AM72rugNr0TFldMOi0fj6Jk+zeKIt0xGj4cEfQIJth4w3OKWOJ4f+AFw==}
    engines: {node: '>=0.10.0'}
    dev: false

  /js-yaml/3.14.1:
    resolution: {integrity: sha512-okMH7OXXJ7YrN9Ok3/SXrnu4iX9yOk+25nqX4imS2npuvTYDmo/QEZoqwZkYaIDk3jVvBOTOIEgEhaLOynBS9g==}
    hasBin: true
    dependencies:
      argparse: 1.0.10
      esprima: 4.0.1
    dev: false

  /jsonfile/6.1.0:
    resolution: {integrity: sha512-5dgndWOriYSm5cnYaJNhalLNDKOqFwyDB/rr1E9ZsGciGvKPs8R2xYGCacuf3z6K1YKDz182fd+fY3cn3pMqXQ==}
    dependencies:
      universalify: 2.0.0
    optionalDependencies:
      graceful-fs: 4.2.10
    dev: false

  /kind-of/6.0.3:
    resolution: {integrity: sha512-dcS1ul+9tmeD95T+x28/ehLgd9mENa3LsvDTtzm3vyBEO7RPptvAD+t44WVXaUjTBRcrpFeFlC8WCruUR456hw==}
    engines: {node: '>=0.10.0'}
    dev: false

  /lodash-humps/3.1.6:
    resolution: {integrity: sha512-xcGmoNEr0dWQK5/MB6CvNYsI0+TeRpPAgaRmC9R9anBc8LKz+uYuV1zTDmPwIbV2N6IAzInIb4V/3ivS0/K+ow==}
    dependencies:
      lodash: 4.17.21
    dev: false

  /lodash/4.17.21:
    resolution: {integrity: sha512-v2kDEe57lecTulaDIuNTPy3Ry4gLGJ6Z1O3vE1krgXZNrsQ+LFTGHVxVjcXPs17LhbZVGedAJv8XZ1tvj5FvSg==}
    dev: false

  /path-extender/1.0.1:
    resolution: {integrity: sha512-NoHtoWTC9OKY0zORpabkOVGY2tTLAFs/cR1hXrb/Dob9yXthcjsWCA11RrUcw82eFt9dgjt57aYOeV3PkIIp7A==}
    dev: false

  /path-parse/1.0.7:
    resolution: {integrity: sha512-LDJzPVEEEPR+y48z93A0Ed0yXb8pAByGWo/k5YYdYgpY2/2EsOsksJrq7lOHxryrVOn1ejG6oAp8ahvOIQD8sw==}
    dev: false

  /prairie/4.0.0:
    resolution: {integrity: sha512-UFg1fkpKh8uqKZeMC4MK444EDfYd8vE7bjbmGzLYkb7yv1XQsPXSMW8L7FQqB1e8D2M9ntREA7CHpFtZvBwWBw==}
    engines: {node: ^14.13.1 || >=16.0.0}
    dependencies:
      lodash: 4.17.21
      understory: 2.0.2
    dev: false

  /section-matter/1.0.0:
    resolution: {integrity: sha512-vfD3pmTzGpufjScBh50YHKzEu2lxBWhVEHsNGoEXmCmn2hKGfeNLYMzCJpe8cD7gqX7TJluOVpBkAequ6dgMmA==}
    engines: {node: '>=4'}
    dependencies:
      extend-shallow: 2.0.1
      kind-of: 6.0.3
    dev: false

  /sprintf-js/1.0.3:
    resolution: {integrity: sha512-D9cPgkvLlV3t3IzL0D0YLvGA9Ahk4PcvVwUbN0dSGr1aP0Nrt4AEnTUbuGvquEC0mA64Gqt1fzirlRs5ibXx8g==}
    dev: false

  /strip-bom-string/1.0.0:
    resolution: {integrity: sha512-uCC2VHvQRYu+lMh4My/sFNmF2klFymLX1wHJeXnbEJERpV/ZsVuonzerjfrGpIGF7LBVa1O7i9kjiWvJiFck8g==}
    engines: {node: '>=0.10.0'}
    dev: false

  /understory/2.0.2:
    resolution: {integrity: sha512-TGeXEjF4otYD2IfCW66KsREE/hjykjzmNRmoOkKAHqvCZs+HPDYGnAHXziZxKB997t1MXcpHB8I9+vg25JjbBQ==}
    engines: {node: ^14.13.1 || >=16.0.0}
    dependencies:
      lodash: 4.17.21
    dev: false

  /universalify/2.0.0:
    resolution: {integrity: sha512-hAZsKq7Yy11Zu1DE0OzWjw7nnLZmJZYTDZZyEFHZdUhV8FkH5MCfoU1XMaxXovpyW5nq5scPqq0ZDP9Zyl04oQ==}
    engines: {node: '>= 10.0.0'}
    dev: false
